// !$*UTF8*$!
{
	archiveVersion = 1;
	classes = {
	};
	objectVersion = 50;
	objects = {

/* Begin PBXBuildFile section */
		CBAD6B38212C9ABA000D7895 /* AppDelegate.swift in Sources */ = {isa = PBXBuildFile; fileRef = CBAD6B37212C9ABA000D7895 /* AppDelegate.swift */; };
		CBAD6B3A212C9ABA000D7895 /* ViewController.swift in Sources */ = {isa = PBXBuildFile; fileRef = CBAD6B39212C9ABA000D7895 /* ViewController.swift */; };
		CBAD6B3D212C9ABA000D7895 /* Main.storyboard in Resources */ = {isa = PBXBuildFile; fileRef = CBAD6B3B212C9ABA000D7895 /* Main.storyboard */; };
		CBAD6B40212C9ABA000D7895 /* BYAD.xcdatamodeld in Sources */ = {isa = PBXBuildFile; fileRef = CBAD6B3E212C9ABA000D7895 /* BYAD.xcdatamodeld */; };
		CBAD6B42212C9AC0000D7895 /* Assets.xcassets in Resources */ = {isa = PBXBuildFile; fileRef = CBAD6B41212C9AC0000D7895 /* Assets.xcassets */; };
		CBAD6B45212C9AC0000D7895 /* LaunchScreen.storyboard in Resources */ = {isa = PBXBuildFile; fileRef = CBAD6B43212C9AC0000D7895 /* LaunchScreen.storyboard */; };
/* End PBXBuildFile section */

/* Begin PBXFileReference section */
		CBAD6B34212C9ABA000D7895 /* BYAD.app */ = {isa = PBXFileReference; explicitFileType = wrapper.application; includeInIndex = 0; path = BYAD.app; sourceTree = BUILT_PRODUCTS_DIR; };
		CBAD6B37212C9ABA000D7895 /* AppDelegate.swift */ = {isa = PBXFileReference; lastKnownFileType = sourcecode.swift; path = AppDelegate.swift; sourceTree = "<group>"; };
		CBAD6B39212C9ABA000D7895 /* ViewController.swift */ = {isa = PBXFileReference; lastKnownFileType = sourcecode.swift; path = ViewController.swift; sourceTree = "<group>"; };
		CBAD6B3C212C9ABA000D7895 /* Base */ = {isa = PBXFileReference; lastKnownFileType = file.storyboard; name = Base; path = Base.lproj/Main.storyboard; sourceTree = "<group>"; };
		CBAD6B3F212C9ABA000D7895 /* BYAD.xcdatamodel */ = {isa = PBXFileReference; lastKnownFileType = wrapper.xcdatamodel; path = BYAD.xcdatamodel; sourceTree = "<group>"; };
		CBAD6B41212C9AC0000D7895 /* Assets.xcassets */ = {isa = PBXFileReference; lastKnownFileType = folder.assetcatalog; path = Assets.xcassets; sourceTree = "<group>"; };
		CBAD6B44212C9AC0000D7895 /* Base */ = {isa = PBXFileReference; lastKnownFileType = file.storyboard; name = Base; path = Base.lproj/LaunchScreen.storyboard; sourceTree = "<group>"; };
		CBAD6B46212C9AC0000D7895 /* Info.plist */ = {isa = PBXFileReference; lastKnownFileType = text.plist.xml; path = Info.plist; sourceTree = "<group>"; };
/* End PBXFileReference section */

/* Begin PBXFrameworksBuildPhase section */
		CBAD6B31212C9ABA000D7895 /* Frameworks */ = {
			isa = PBXFrameworksBuildPhase;
			buildActionMask = 2147483647;
			files = (
			);
			runOnlyForDeploymentPostprocessing = 0;
		};
/* End PBXFrameworksBuildPhase section */

/* Begin PBXGroup section */
		CBAD6B2B212C9ABA000D7895 = {
			isa = PBXGroup;
			children = (
				CBAD6B36212C9ABA000D7895 /* BYAD */,
				CBAD6B35212C9ABA000D7895 /* Products */,
			);
			sourceTree = "<group>";
		};
		CBAD6B35212C9ABA000D7895 /* Products */ = {
			isa = PBXGroup;
			children = (
				CBAD6B34212C9ABA000D7895 /* BYAD.app */,
			);
			name = Products;
			sourceTree = "<group>";
		};
		CBAD6B36212C9ABA000D7895 /* BYAD */ = {
			isa = PBXGroup;
			children = (
				CBAD6B37212C9ABA000D7895 /* AppDelegate.swift */,
				CBAD6B39212C9ABA000D7895 /* ViewController.swift */,
				CBAD6B3B212C9ABA000D7895 /* Main.storyboard */,
				CBAD6B41212C9AC0000D7895 /* Assets.xcassets */,
				CBAD6B43212C9AC0000D7895 /* LaunchScreen.storyboard */,
				CBAD6B46212C9AC0000D7895 /* Info.plist */,
				CBAD6B3E212C9ABA000D7895 /* BYAD.xcdatamodeld */,
			);
			path = BYAD;
			sourceTree = "<group>";
		};
/* End PBXGroup section */

/* Begin PBXNativeTarget section */
		CBAD6B33212C9ABA000D7895 /* BYAD */ = {
			isa = PBXNativeTarget;
			buildConfigurationList = CBAD6B49212C9AC0000D7895 /* Build configuration list for PBXNativeTarget "BYAD" */;
			buildPhases = (
				CBAD6B30212C9ABA000D7895 /* Sources */,
				CBAD6B31212C9ABA000D7895 /* Frameworks */,
				CBAD6B32212C9ABA000D7895 /* Resources */,
			);
			buildRules = (
			);
			dependencies = (
			);
			name = BYAD;
			productName = BYAD;
			productReference = CBAD6B34212C9ABA000D7895 /* BYAD.app */;
			productType = "com.apple.product-type.application";
		};
/* End PBXNativeTarget section */

/* Begin PBXProject section */
		CBAD6B2C212C9ABA000D7895 /* Project object */ = {
			isa = PBXProject;
			attributes = {
				LastSwiftUpdateCheck = 0940;
				LastUpgradeCheck = 0940;
				ORGANIZATIONNAME = garsontech;
				TargetAttributes = {
					CBAD6B33212C9ABA000D7895 = {
						CreatedOnToolsVersion = 9.4.1;
					};
				};
			};
			buildConfigurationList = CBAD6B2F212C9ABA000D7895 /* Build configuration list for PBXProject "BYAD" */;
			compatibilityVersion = "Xcode 9.3";
			developmentRegion = en;
			hasScannedForEncodings = 0;
			knownRegions = (
				en,
				Base,
			);
			mainGroup = CBAD6B2B212C9ABA000D7895;
			productRefGroup = CBAD6B35212C9ABA000D7895 /* Products */;
			projectDirPath = "";
			projectRoot = "";
			targets = (
				CBAD6B33212C9ABA000D7895 /* BYAD */,
			);
		};
/* End PBXProject section */

/* Begin PBXResourcesBuildPhase section */
		CBAD6B32212C9ABA000D7895 /* Resources */ = {
			isa = PBXResourcesBuildPhase;
			buildActionMask = 2147483647;
			files = (
				CBAD6B45212C9AC0000D7895 /* LaunchScreen.storyboard in Resources */,
				CBAD6B42212C9AC0000D7895 /* Assets.xcassets in Resources */,
				CBAD6B3D212C9ABA000D7895 /* Main.storyboard in Resources */,
			);
			runOnlyForDeploymentPostprocessing = 0;
		};
/* End PBXResourcesBuildPhase section */

/* Begin PBXSourcesBuildPhase section */
		CBAD6B30212C9ABA000D7895 /* Sources */ = {
			isa = PBXSourcesBuildPhase;
			buildActionMask = 2147483647;
			files = (
				CBAD6B40212C9ABA000D7895 /* BYAD.xcdatamodeld in Sources */,
				CBAD6B3A212C9ABA000D7895 /* ViewController.swift in Sources */,
				CBAD6B38212C9ABA000D7895 /* AppDelegate.swift in Sources */,
			);
			runOnlyForDeploymentPostprocessing = 0;
		};
/* End PBXSourcesBuildPhase section */

/* Begin PBXVariantGroup section */
		CBAD6B3B212C9ABA000D7895 /* Main.storyboard */ = {
			isa = PBXVariantGroup;
			children = (
				CBAD6B3C212C9ABA000D7895 /* Base */,
			);
			name = Main.storyboard;
			sourceTree = "<group>";
		};
		CBAD6B43212C9AC0000D7895 /* LaunchScreen.storyboard */ = {
			isa = PBXVariantGroup;
			children = (
				CBAD6B44212C9AC0000D7895 /* Base */,
			);
			name = LaunchScreen.storyboard;
			sourceTree = "<group>";
		};
/* End PBXVariantGroup section */

/* Begin XCBuildConfiguration section */
		CBAD6B47212C9AC0000D7895 /* Debug */ = {
			isa = XCBuildConfiguration;
			buildSettings = {
				ALWAYS_SEARCH_USER_PATHS = NO;
				CLANG_ANALYZER_NONNULL = YES;
				CLANG_ANALYZER_NUMBER_OBJECT_CONVERSION = YES_AGGRESSIVE;
				CLANG_CXX_LANGUAGE_STANDARD = "gnu++14";
				CLANG_CXX_LIBRARY = "libc++";
				CLANG_ENABLE_MODULES = YES;
				CLANG_ENABLE_OBJC_ARC = YES;
				CLANG_ENABLE_OBJC_WEAK = YES;
				CLANG_WARN_BLOCK_CAPTURE_AUTORELEASING = YES;
				CLANG_WARN_BOOL_CONVERSION = YES;
				CLANG_WARN_COMMA = YES;
				CLANG_WARN_CONSTANT_CONVERSION = YES;
				CLANG_WARN_DEPRECATED_OBJC_IMPLEMENTATIONS = YES;
				CLANG_WARN_DIRECT_OBJC_ISA_USAGE = YES_ERROR;
				CLANG_WARN_DOCUMENTATION_COMMENTS = YES;
				CLANG_WARN_EMPTY_BODY = YES;
				CLANG_WARN_ENUM_CONVERSION = YES;
				CLANG_WARN_INFINITE_RECURSION = YES;
				CLANG_WARN_INT_CONVERSION = YES;
				CLANG_WARN_NON_LITERAL_NULL_CONVERSION = YES;
				CLANG_WARN_OBJC_IMPLICIT_RETAIN_SELF = YES;
				CLANG_WARN_OBJC_LITERAL_CONVERSION = YES;
				CLANG_WARN_OBJC_ROOT_CLASS = YES_ERROR;
				CLANG_WARN_RANGE_LOOP_ANALYSIS = YES;
				CLANG_WARN_STRICT_PROTOTYPES = YES;
				CLANG_WARN_SUSPICIOUS_MOVE = YES;
				CLANG_WARN_UNGUARDED_AVAILABILITY = YES_AGGRESSIVE;
				CLANG_WARN_UNREACHABLE_CODE = YES;
				CLANG_WARN__DUPLICATE_METHOD_MATCH = YES;
				CODE_SIGN_IDENTITY = "iPhone Developer";
				COPY_PHASE_STRIP = NO;
				DEBUG_INFORMATION_FORMAT = dwarf;
				ENABLE_STRICT_OBJC_MSGSEND = YES;
				ENABLE_TESTABILITY = YES;
				GCC_C_LANGUAGE_STANDARD = gnu11;
				GCC_DYNAMIC_NO_PIC = NO;
				GCC_NO_COMMON_BLOCKS = YES;
				GCC_OPTIMIZATION_LEVEL = 0;
				GCC_PREPROCESSOR_DEFINITIONS = (
					"DEBUG=1",
					"$(inherited)",
				);
				GCC_WARN_64_TO_32_BIT_CONVERSION = YES;
				GCC_WARN_ABOUT_RETURN_TYPE = YES_ERROR;
				GCC_WARN_UNDECLARED_SELECTOR = YES;
				GCC_WARN_UNINITIALIZED_AUTOS = YES_AGGRESSIVE;
				GCC_WARN_UNUSED_FUNCTION = YES;
				GCC_WARN_UNUSED_VARIABLE = YES;
				IPHONEOS_DEPLOYMENT_TARGET = 11.4;
				MTL_ENABLE_DEBUG_INFO = YES;
				ONLY_ACTIVE_ARCH = YES;
				SDKROOT = iphoneos;
				SWIFT_ACTIVE_COMPILATION_CONDITIONS = DEBUG;
				SWIFT_OPTIMIZATION_LEVEL = "-Onone";
			};
			name = Debug;
		};
		CBAD6B48212C9AC0000D7895 /* Release */ = {
			isa = XCBuildConfiguration;
			buildSettings = {
				ALWAYS_SEARCH_USER_PATHS = NO;
				CLANG_ANALYZER_NONNULL = YES;
				CLANG_ANALYZER_NUMBER_OBJECT_CONVERSION = YES_AGGRESSIVE;
				CLANG_CXX_LANGUAGE_STANDARD = "gnu++14";
				CLANG_CXX_LIBRARY = "libc++";
				CLANG_ENABLE_MODULES = YES;
				CLANG_ENABLE_OBJC_ARC = YES;
				CLANG_ENABLE_OBJC_WEAK = YES;
				CLANG_WARN_BLOCK_CAPTURE_AUTORELEASING = YES;
				CLANG_WARN_BOOL_CONVERSION = YES;
				CLANG_WARN_COMMA = YES;
				CLANG_WARN_CONSTANT_CONVERSION = YES;
				CLANG_WARN_DEPRECATED_OBJC_IMPLEMENTATIONS = YES;
				CLANG_WARN_DIRECT_OBJC_ISA_USAGE = YES_ERROR;
				CLANG_WARN_DOCUMENTATION_COMMENTS = YES;
				CLANG_WARN_EMPTY_BODY = YES;
				CLANG_WARN_ENUM_CONVERSION = YES;
				CLANG_WARN_INFINITE_RECURSION = YES;
				CLANG_WARN_INT_CONVERSION = YES;
				CLANG_WARN_NON_LITERAL_NULL_CONVERSION = YES;
				CLANG_WARN_OBJC_IMPLICIT_RETAIN_SELF = YES;
				CLANG_WARN_OBJC_LITERAL_CONVERSION = YES;
				CLANG_WARN_OBJC_ROOT_CLASS = YES_ERROR;
				CLANG_WARN_RANGE_LOOP_ANALYSIS = YES;
				CLANG_WARN_STRICT_PROTOTYPES = YES;
				CLANG_WARN_SUSPICIOUS_MOVE = YES;
				CLANG_WARN_UNGUARDED_AVAILABILITY = YES_AGGRESSIVE;
				CLANG_WARN_UNREACHABLE_CODE = YES;
				CLANG_WARN__DUPLICATE_METHOD_MATCH = YES;
				CODE_SIGN_IDENTITY = "iPhone Developer";
				COPY_PHASE_STRIP = NO;
				DEBUG_INFORMATION_FORMAT = "dwarf-with-dsym";
				ENABLE_NS_ASSERTIONS = NO;
				ENABLE_STRICT_OBJC_MSGSEND = YES;
				GCC_C_LANGUAGE_STANDARD = gnu11;
				GCC_NO_COMMON_BLOCKS = YES;
				GCC_WARN_64_TO_32_BIT_CONVERSION = YES;
				GCC_WARN_ABOUT_RETURN_TYPE = YES_ERROR;
				GCC_WARN_UNDECLARED_SELECTOR = YES;
				GCC_WARN_UNINITIALIZED_AUTOS = YES_AGGRESSIVE;
				GCC_WARN_UNUSED_FUNCTION = YES;
				GCC_WARN_UNUSED_VARIABLE = YES;
				IPHONEOS_DEPLOYMENT_TARGET = 11.4;
				MTL_ENABLE_DEBUG_INFO = NO;
				SDKROOT = iphoneos;
				SWIFT_COMPILATION_MODE = wholemodule;
				SWIFT_OPTIMIZATION_LEVEL = "-O";
				VALIDATE_PRODUCT = YES;
			};
			name = Release;
		};
		CBAD6B4A212C9AC0000D7895 /* Debug */ = {
			isa = XCBuildConfiguration;
			buildSettings = {
				ASSETCATALOG_COMPILER_APPICON_NAME = AppIcon;
				CODE_SIGN_STYLE = Automatic;
				DEVELOPMENT_TEAM = 6X77VAD2DH;
				INFOPLIST_FILE = BYAD/Info.plist;
				LD_RUNPATH_SEARCH_PATHS = (
					"$(inherited)",
					"@executable_path/Frameworks",
				);
				PRODUCT_BUNDLE_IDENTIFIER = com.garsontech.BYAD;
				PRODUCT_NAME = "$(TARGET_NAME)";
				SWIFT_VERSION = 4.0;
				TARGETED_DEVICE_FAMILY = "1,2";
			};
			name = Debug;
		};
		CBAD6B4B212C9AC0000D7895 /* Release */ = {
			isa = XCBuildConfiguration;
			buildSettings = {
				ASSETCATALOG_COMPILER_APPICON_NAME = AppIcon;
				CODE_SIGN_STYLE = Automatic;
				DEVELOPMENT_TEAM = 6X77VAD2DH;
				INFOPLIST_FILE = BYAD/Info.plist;
				LD_RUNPATH_SEARCH_PATHS = (
					"$(inherited)",
					"@executable_path/Frameworks",
				);
				PRODUCT_BUNDLE_IDENTIFIER = com.garsontech.BYAD;
				PRODUCT_NAME = "$(TARGET_NAME)";
				SWIFT_VERSION = 4.0;
				TARGETED_DEVICE_FAMILY = "1,2";
			};
			name = Release;
		};
/* End XCBuildConfiguration section */

/* Begin XCConfigurationList section */
		CBAD6B2F212C9ABA000D7895 /* Build configuration list for PBXProject "BYAD" */ = {
			isa = XCConfigurationList;
			buildConfigurations = (
				CBAD6B47212C9AC0000D7895 /* Debug */,
				CBAD6B48212C9AC0000D7895 /* Release */,
			);
			defaultConfigurationIsVisible = 0;
			defaultConfigurationName = Release;
		};
		CBAD6B49212C9AC0000D7895 /* Build configuration list for PBXNativeTarget "BYAD" */ = {
			isa = XCConfigurationList;
			buildConfigurations = (
				CBAD6B4A212C9AC0000D7895 /* Debug */,
				CBAD6B4B212C9AC0000D7895 /* Release */,
			);
			defaultConfigurationIsVisible = 0;
			defaultConfigurationName = Release;
		};
/* End XCConfigurationList section */

/* Begin XCVersionGroup section */
		CBAD6B3E212C9ABA000D7895 /* BYAD.xcdatamodeld */ = {
			isa = XCVersionGroup;
			children = (
				CBAD6B3F212C9ABA000D7895 /* BYAD.xcdatamodel */,
			);
			currentVersion = CBAD6B3F212C9ABA000D7895 /* BYAD.xcdatamodel */;
			path = BYAD.xcdatamodeld;
			sourceTree = "<group>";
			versionGroupType = wrapper.xcdatamodel;
		};
/* End XCVersionGroup section */
	};
	rootObject = CBAD6B2C212C9ABA000D7895 /* Project object */;
}
